
Microsoft Visual Studio Solution File, Format Version 12.00
# Visual Studio Version 17
VisualStudioVersion = 17.7.34031.279
MinimumVisualStudioVersion = 10.0.40219.1
Project("{9A19103F-16F7-4668-BE54-9A1E7A4F7556}") = "MPKDotNetCore.ConsoleApp", "MPKDotNetCore.ConsoleApp\MPKDotNetCore.ConsoleApp.csproj", "{27CBDAAE-5571-4048-9C87-587F16504ED3}"
EndProject
Project("{9A19103F-16F7-4668-BE54-9A1E7A4F7556}") = "MPKDotNetCore.RestApi", "MPKDotNetCore.RestApi\MPKDotNetCore.RestApi.csproj", "{B18C01EF-FEAF-4F43-B590-490040A7F06B}"
EndProject
Project("{9A19103F-16F7-4668-BE54-9A1E7A4F7556}") = "MPKDotNetCore.MinimalApi", "MPKDotNetCore.MinimalApi\MPKDotNetCore.MinimalApi.csproj", "{BAF4C1BA-69CD-417C-B23F-C7C25843E7B3}"
EndProject
Project("{9A19103F-16F7-4668-BE54-9A1E7A4F7556}") = "MPKDotNetCore.MvcApp", "MPKDotNetCore.MvcApp\MPKDotNetCore.MvcApp.csproj", "{FE1B341A-F190-4810-B9BC-E64D4ED70000}"
EndProject
Project("{FAE04EC0-301F-11D3-BF4B-00C04F79EFBC}") = "MPKDotNetCore.WindowsFormsAppTest", "MPKDotNetCore.WindowsFormsAppTest\MPKDotNetCore.WindowsFormsAppTest.csproj", "{E9A3A149-D787-4DB6-BF12-41FD0EB8A954}"
EndProject
Project("{9A19103F-16F7-4668-BE54-9A1E7A4F7556}") = "MPKDotNetCore.ThemeMvcApp", "MPKDotNetCore.ThemeMvcApp\MPKDotNetCore.ThemeMvcApp.csproj", "{2BCAF85D-86E5-4FF7-84A0-63A876EEE3D6}"
EndProject
Project("{9A19103F-16F7-4668-BE54-9A1E7A4F7556}") = "MPKDotNetCore.ATMWebApp", "MPKDotNetCore.ATMWebApp\MPKDotNetCore.ATMWebApp.csproj", "{6266E6DB-1BA5-47E9-B3F7-BCFF986CBA1A}"
EndProject
Project("{FAE04EC0-301F-11D3-BF4B-00C04F79EFBC}") = "MPKDotNetCore.LoginWebApp", "MPKDotNetCore.LoginWebApp\MPKDotNetCore.LoginWebApp.csproj", "{0A2E3097-369F-48C5-9C03-09B0CCA2475B}"
EndProject
Global
	GlobalSection(SolutionConfigurationPlatforms) = preSolution
		Debug|Any CPU = Debug|Any CPU
		Release|Any CPU = Release|Any CPU
	EndGlobalSection
	GlobalSection(ProjectConfigurationPlatforms) = postSolution
		{27CBDAAE-5571-4048-9C87-587F16504ED3}.Debug|Any CPU.ActiveCfg = Debug|Any CPU
		{27CBDAAE-5571-4048-9C87-587F16504ED3}.Debug|Any CPU.Build.0 = Debug|Any CPU
		{27CBDAAE-5571-4048-9C87-587F16504ED3}.Release|Any CPU.ActiveCfg = Release|Any CPU
		{27CBDAAE-5571-4048-9C87-587F16504ED3}.Release|Any CPU.Build.0 = Release|Any CPU
		{B18C01EF-FEAF-4F43-B590-490040A7F06B}.Debug|Any CPU.ActiveCfg = Debug|Any CPU
		{B18C01EF-FEAF-4F43-B590-490040A7F06B}.Debug|Any CPU.Build.0 = Debug|Any CPU
		{B18C01EF-FEAF-4F43-B590-490040A7F06B}.Release|Any CPU.ActiveCfg = Release|Any CPU
		{B18C01EF-FEAF-4F43-B590-490040A7F06B}.Release|Any CPU.Build.0 = Release|Any CPU
		{BAF4C1BA-69CD-417C-B23F-C7C25843E7B3}.Debug|Any CPU.ActiveCfg = Debug|Any CPU
		{BAF4C1BA-69CD-417C-B23F-C7C25843E7B3}.Debug|Any CPU.Build.0 = Debug|Any CPU
		{BAF4C1BA-69CD-417C-B23F-C7C25843E7B3}.Release|Any CPU.ActiveCfg = Release|Any CPU
		{BAF4C1BA-69CD-417C-B23F-C7C25843E7B3}.Release|Any CPU.Build.0 = Release|Any CPU
		{FE1B341A-F190-4810-B9BC-E64D4ED70000}.Debug|Any CPU.ActiveCfg = Debug|Any CPU
		{FE1B341A-F190-4810-B9BC-E64D4ED70000}.Debug|Any CPU.Build.0 = Debug|Any CPU
		{FE1B341A-F190-4810-B9BC-E64D4ED70000}.Release|Any CPU.ActiveCfg = Release|Any CPU
		{FE1B341A-F190-4810-B9BC-E64D4ED70000}.Release|Any CPU.Build.0 = Release|Any CPU
		{E9A3A149-D787-4DB6-BF12-41FD0EB8A954}.Debug|Any CPU.ActiveCfg = Debug|Any CPU
		{E9A3A149-D787-4DB6-BF12-41FD0EB8A954}.Debug|Any CPU.Build.0 = Debug|Any CPU
		{E9A3A149-D787-4DB6-BF12-41FD0EB8A954}.Release|Any CPU.ActiveCfg = Release|Any CPU
		{E9A3A149-D787-4DB6-BF12-41FD0EB8A954}.Release|Any CPU.Build.0 = Release|Any CPU
		{2BCAF85D-86E5-4FF7-84A0-63A876EEE3D6}.Debug|Any CPU.ActiveCfg = Debug|Any CPU
		{2BCAF85D-86E5-4FF7-84A0-63A876EEE3D6}.Debug|Any CPU.Build.0 = Debug|Any CPU
		{2BCAF85D-86E5-4FF7-84A0-63A876EEE3D6}.Release|Any CPU.ActiveCfg = Release|Any CPU
		{2BCAF85D-86E5-4FF7-84A0-63A876EEE3D6}.Release|Any CPU.Build.0 = Release|Any CPU
		{6266E6DB-1BA5-47E9-B3F7-BCFF986CBA1A}.Debug|Any CPU.ActiveCfg = Debug|Any CPU
		{6266E6DB-1BA5-47E9-B3F7-BCFF986CBA1A}.Debug|Any CPU.Build.0 = Debug|Any CPU
		{6266E6DB-1BA5-47E9-B3F7-BCFF986CBA1A}.Release|Any CPU.ActiveCfg = Release|Any CPU
		{6266E6DB-1BA5-47E9-B3F7-BCFF986CBA1A}.Release|Any CPU.Build.0 = Release|Any CPU
		{0A2E3097-369F-48C5-9C03-09B0CCA2475B}.Debug|Any CPU.ActiveCfg = Debug|Any CPU
		{0A2E3097-369F-48C5-9C03-09B0CCA2475B}.Debug|Any CPU.Build.0 = Debug|Any CPU
		{0A2E3097-369F-48C5-9C03-09B0CCA2475B}.Release|Any CPU.ActiveCfg = Release|Any CPU
		{0A2E3097-369F-48C5-9C03-09B0CCA2475B}.Release|Any CPU.Build.0 = Release|Any CPU
	EndGlobalSection
	GlobalSection(SolutionProperties) = preSolution
		HideSolutionNode = FALSE
	EndGlobalSection
	GlobalSection(ExtensibilityGlobals) = postSolution
		SolutionGuid = {804407A8-9C9E-433F-884D-394E76F39119}
	EndGlobalSection
EndGlobal
